
Microsoft Visual Studio Solution File, Format Version 12.00
# Visual Studio Version 17
VisualStudioVersion = 17.1.32421.90
MinimumVisualStudioVersion = 10.0.40219.1
Project("{FAE04EC0-301F-11D3-BF4B-00C04F79EFBC}") = "Worlktastic", "Worlktastic\Worlktastic.csproj", "{AA3FADC4-4C13-4E74-A3DA-D0A22133EBFC}"
EndProject
Global
	GlobalSection(SolutionConfigurationPlatforms) = preSolution
		Debug|Any CPU = Debug|Any CPU
		Release|Any CPU = Release|Any CPU
	EndGlobalSection
	GlobalSection(ProjectConfigurationPlatforms) = postSolution
		{AA3FADC4-4C13-4E74-A3DA-D0A22133EBFC}.Debug|Any CPU.ActiveCfg = Debug|Any CPU
		{AA3FADC4-4C13-4E74-A3DA-D0A22133EBFC}.Debug|Any CPU.Build.0 = Debug|Any CPU
		{AA3FADC4-4C13-4E74-A3DA-D0A22133EBFC}.Release|Any CPU.ActiveCfg = Release|Any CPU
		{AA3FADC4-4C13-4E74-A3DA-D0A22133EBFC}.Release|Any CPU.Build.0 = Release|Any CPU
	EndGlobalSection
	GlobalSection(SolutionProperties) = preSolution
		HideSolutionNode = FALSE
	EndGlobalSection
	GlobalSection(ExtensibilityGlobals) = postSolution
		SolutionGuid = {D8D8D7A5-1B14-4758-A5EC-659C539909F3}
	EndGlobalSection
EndGlobal
